// !$*UTF8*$!
{
	archiveVersion = 1;
	classes = {
	};
	objectVersion = 50;
	objects = {

/* Begin PBXBuildFile section */
		DC0074BD235AE28F005E5AF1 /* AppDelegate.swift in Sources */ = {isa = PBXBuildFile; fileRef = DC0074BC235AE28F005E5AF1 /* AppDelegate.swift */; };
		DC0074BF235AE28F005E5AF1 /* art.scnassets in Resources */ = {isa = PBXBuildFile; fileRef = DC0074BE235AE28F005E5AF1 /* art.scnassets */; };
		DC0074C1235AE28F005E5AF1 /* ARViewController.swift in Sources */ = {isa = PBXBuildFile; fileRef = DC0074C0235AE28F005E5AF1 /* ARViewController.swift */; };
		DC0074C6235AE291005E5AF1 /* Assets.xcassets in Resources */ = {isa = PBXBuildFile; fileRef = DC0074C5235AE291005E5AF1 /* Assets.xcassets */; };
		DC0074C9235AE291005E5AF1 /* LaunchScreen.storyboard in Resources */ = {isa = PBXBuildFile; fileRef = DC0074C7235AE291005E5AF1 /* LaunchScreen.storyboard */; };
		DC1AC00F235B798900D73F72 /* Quicksand_Dash.otf in Resources */ = {isa = PBXBuildFile; fileRef = DC1AC00D235B798400D73F72 /* Quicksand_Dash.otf */; };
		DC1AC010235B798B00D73F72 /* Quicksand-Bold.otf in Resources */ = {isa = PBXBuildFile; fileRef = DC1AC00B235B798400D73F72 /* Quicksand-Bold.otf */; };
		DC1AC011235B798F00D73F72 /* Quicksand-BoldItalic.otf in Resources */ = {isa = PBXBuildFile; fileRef = DC1AC008235B798300D73F72 /* Quicksand-BoldItalic.otf */; };
		DC1AC012235B799200D73F72 /* Quicksand-Italic.otf in Resources */ = {isa = PBXBuildFile; fileRef = DC1AC00A235B798300D73F72 /* Quicksand-Italic.otf */; };
		DC1AC013235B799400D73F72 /* Quicksand-Light.otf in Resources */ = {isa = PBXBuildFile; fileRef = DC1AC00E235B798400D73F72 /* Quicksand-Light.otf */; };
		DC1AC014235B799600D73F72 /* Quicksand-LightItalic.otf in Resources */ = {isa = PBXBuildFile; fileRef = DC1AC00C235B798400D73F72 /* Quicksand-LightItalic.otf */; };
		DC1AC015235B799900D73F72 /* Quicksand-Regular.otf in Resources */ = {isa = PBXBuildFile; fileRef = DC1AC009235B798300D73F72 /* Quicksand-Regular.otf */; };
		DC1AC017235B7FBF00D73F72 /* RImageView.swift in Sources */ = {isa = PBXBuildFile; fileRef = DC1AC016235B7FBF00D73F72 /* RImageView.swift */; };
		DC1AC019235B81DA00D73F72 /* RGIF.swift in Sources */ = {isa = PBXBuildFile; fileRef = DC1AC018235B81DA00D73F72 /* RGIF.swift */; };
		DC1AC01B235B893C00D73F72 /* GIF.swift in Sources */ = {isa = PBXBuildFile; fileRef = DC1AC01A235B893C00D73F72 /* GIF.swift */; };
		DC1AC01D235B8C8400D73F72 /* bunny_jump.gif in Resources */ = {isa = PBXBuildFile; fileRef = DC1AC01C235B8C8400D73F72 /* bunny_jump.gif */; };
		DC1AC01F235B934E00D73F72 /* EnterButton.swift in Sources */ = {isa = PBXBuildFile; fileRef = DC1AC01E235B934E00D73F72 /* EnterButton.swift */; };
		DC1AC021235B95BA00D73F72 /* PermissionViewController.swift in Sources */ = {isa = PBXBuildFile; fileRef = DC1AC020235B95BA00D73F72 /* PermissionViewController.swift */; };
		DC1AC023235B96DE00D73F72 /* FullModalViewController.swift in Sources */ = {isa = PBXBuildFile; fileRef = DC1AC022235B96DE00D73F72 /* FullModalViewController.swift */; };
		DC1AC025235B9C3F00D73F72 /* Container.swift in Sources */ = {isa = PBXBuildFile; fileRef = DC1AC024235B9C3F00D73F72 /* Container.swift */; };
		DC1AC027235B9D7C00D73F72 /* PermissionsContainer.swift in Sources */ = {isa = PBXBuildFile; fileRef = DC1AC026235B9D7C00D73F72 /* PermissionsContainer.swift */; };
		DC1AC029235BA1DB00D73F72 /* ConfirmButton.swift in Sources */ = {isa = PBXBuildFile; fileRef = DC1AC028235BA1DB00D73F72 /* ConfirmButton.swift */; };
		DC1AC02B235BB41000D73F72 /* VizViewController.swift in Sources */ = {isa = PBXBuildFile; fileRef = DC1AC02A235BB41000D73F72 /* VizViewController.swift */; };
		DC1AC02D235BB46A00D73F72 /* NavbarViewController.swift in Sources */ = {isa = PBXBuildFile; fileRef = DC1AC02C235BB46A00D73F72 /* NavbarViewController.swift */; };
		DC1AC02F235BB60200D73F72 /* DateCycler.swift in Sources */ = {isa = PBXBuildFile; fileRef = DC1AC02E235BB60200D73F72 /* DateCycler.swift */; };
		DC1AC031235BC62D00D73F72 /* GIFDescriptor.swift in Sources */ = {isa = PBXBuildFile; fileRef = DC1AC030235BC62D00D73F72 /* GIFDescriptor.swift */; };
		DC1AC033235BC6B500D73F72 /* bunny_sleep_please.gif in Resources */ = {isa = PBXBuildFile; fileRef = DC1AC032235BC6B500D73F72 /* bunny_sleep_please.gif */; };
		DC1AC035235BC6CC00D73F72 /* bunny_walk.gif in Resources */ = {isa = PBXBuildFile; fileRef = DC1AC034235BC6CC00D73F72 /* bunny_walk.gif */; };
		DC1AC037235BD8F500D73F72 /* DescLabel.swift in Sources */ = {isa = PBXBuildFile; fileRef = DC1AC036235BD8F500D73F72 /* DescLabel.swift */; };
		DC29CEDB235B72E80012F4AC /* EnterViewController.swift in Sources */ = {isa = PBXBuildFile; fileRef = DC29CEDA235B72E80012F4AC /* EnterViewController.swift */; };
		DC29CEDD235B76100012F4AC /* RConstraints.swift in Sources */ = {isa = PBXBuildFile; fileRef = DC29CEDC235B76100012F4AC /* RConstraints.swift */; };
		DC29CEDF235B76EA0012F4AC /* Constants.swift in Sources */ = {isa = PBXBuildFile; fileRef = DC29CEDE235B76EA0012F4AC /* Constants.swift */; };
		DC29CEE3235B777F0012F4AC /* RLabel.swift in Sources */ = {isa = PBXBuildFile; fileRef = DC29CEE2235B777F0012F4AC /* RLabel.swift */; };
		DC452D11235C4B4300FC1749 /* CounterButton.swift in Sources */ = {isa = PBXBuildFile; fileRef = DC452D10235C4B4300FC1749 /* CounterButton.swift */; };
		DCF86A9B235B6E270042DE7F /* AR.swift in Sources */ = {isa = PBXBuildFile; fileRef = DCF86A9A235B6E270042DE7F /* AR.swift */; };
/* End PBXBuildFile section */

/* Begin PBXFileReference section */
		DC0074B9235AE28F005E5AF1 /* Remy.app */ = {isa = PBXFileReference; explicitFileType = wrapper.application; includeInIndex = 0; path = Remy.app; sourceTree = BUILT_PRODUCTS_DIR; };
		DC0074BC235AE28F005E5AF1 /* AppDelegate.swift */ = {isa = PBXFileReference; lastKnownFileType = sourcecode.swift; path = AppDelegate.swift; sourceTree = "<group>"; };
		DC0074BE235AE28F005E5AF1 /* art.scnassets */ = {isa = PBXFileReference; lastKnownFileType = wrapper.scnassets; path = art.scnassets; sourceTree = "<group>"; };
		DC0074C0235AE28F005E5AF1 /* ARViewController.swift */ = {isa = PBXFileReference; lastKnownFileType = sourcecode.swift; path = ARViewController.swift; sourceTree = "<group>"; };
		DC0074C5235AE291005E5AF1 /* Assets.xcassets */ = {isa = PBXFileReference; lastKnownFileType = folder.assetcatalog; path = Assets.xcassets; sourceTree = "<group>"; };
		DC0074C8235AE291005E5AF1 /* Base */ = {isa = PBXFileReference; lastKnownFileType = file.storyboard; name = Base; path = Base.lproj/LaunchScreen.storyboard; sourceTree = "<group>"; };
		DC0074CA235AE291005E5AF1 /* Info.plist */ = {isa = PBXFileReference; lastKnownFileType = text.plist.xml; path = Info.plist; sourceTree = "<group>"; };
		DC1AC008235B798300D73F72 /* Quicksand-BoldItalic.otf */ = {isa = PBXFileReference; lastKnownFileType = file; path = "Quicksand-BoldItalic.otf"; sourceTree = "<group>"; };
		DC1AC009235B798300D73F72 /* Quicksand-Regular.otf */ = {isa = PBXFileReference; lastKnownFileType = file; path = "Quicksand-Regular.otf"; sourceTree = "<group>"; };
		DC1AC00A235B798300D73F72 /* Quicksand-Italic.otf */ = {isa = PBXFileReference; lastKnownFileType = file; path = "Quicksand-Italic.otf"; sourceTree = "<group>"; };
		DC1AC00B235B798400D73F72 /* Quicksand-Bold.otf */ = {isa = PBXFileReference; lastKnownFileType = file; path = "Quicksand-Bold.otf"; sourceTree = "<group>"; };
		DC1AC00C235B798400D73F72 /* Quicksand-LightItalic.otf */ = {isa = PBXFileReference; lastKnownFileType = file; path = "Quicksand-LightItalic.otf"; sourceTree = "<group>"; };
		DC1AC00D235B798400D73F72 /* Quicksand_Dash.otf */ = {isa = PBXFileReference; lastKnownFileType = file; path = Quicksand_Dash.otf; sourceTree = "<group>"; };
		DC1AC00E235B798400D73F72 /* Quicksand-Light.otf */ = {isa = PBXFileReference; lastKnownFileType = file; path = "Quicksand-Light.otf"; sourceTree = "<group>"; };
		DC1AC016235B7FBF00D73F72 /* RImageView.swift */ = {isa = PBXFileReference; lastKnownFileType = sourcecode.swift; path = RImageView.swift; sourceTree = "<group>"; };
		DC1AC018235B81DA00D73F72 /* RGIF.swift */ = {isa = PBXFileReference; lastKnownFileType = sourcecode.swift; path = RGIF.swift; sourceTree = "<group>"; };
		DC1AC01A235B893C00D73F72 /* GIF.swift */ = {isa = PBXFileReference; lastKnownFileType = sourcecode.swift; name = GIF.swift; path = Remy/GIF.swift; sourceTree = SOURCE_ROOT; };
		DC1AC01C235B8C8400D73F72 /* bunny_jump.gif */ = {isa = PBXFileReference; lastKnownFileType = image.gif; path = bunny_jump.gif; sourceTree = "<group>"; };
		DC1AC01E235B934E00D73F72 /* EnterButton.swift */ = {isa = PBXFileReference; lastKnownFileType = sourcecode.swift; path = EnterButton.swift; sourceTree = "<group>"; };
		DC1AC020235B95BA00D73F72 /* PermissionViewController.swift */ = {isa = PBXFileReference; lastKnownFileType = sourcecode.swift; path = PermissionViewController.swift; sourceTree = "<group>"; };
		DC1AC022235B96DE00D73F72 /* FullModalViewController.swift */ = {isa = PBXFileReference; lastKnownFileType = sourcecode.swift; path = FullModalViewController.swift; sourceTree = "<group>"; };
		DC1AC024235B9C3F00D73F72 /* Container.swift */ = {isa = PBXFileReference; lastKnownFileType = sourcecode.swift; path = Container.swift; sourceTree = "<group>"; };
		DC1AC026235B9D7C00D73F72 /* PermissionsContainer.swift */ = {isa = PBXFileReference; lastKnownFileType = sourcecode.swift; path = PermissionsContainer.swift; sourceTree = "<group>"; };
		DC1AC028235BA1DB00D73F72 /* ConfirmButton.swift */ = {isa = PBXFileReference; lastKnownFileType = sourcecode.swift; path = ConfirmButton.swift; sourceTree = "<group>"; };
		DC1AC02A235BB41000D73F72 /* VizViewController.swift */ = {isa = PBXFileReference; lastKnownFileType = sourcecode.swift; path = VizViewController.swift; sourceTree = "<group>"; };
		DC1AC02C235BB46A00D73F72 /* NavbarViewController.swift */ = {isa = PBXFileReference; lastKnownFileType = sourcecode.swift; path = NavbarViewController.swift; sourceTree = "<group>"; };
		DC1AC02E235BB60200D73F72 /* DateCycler.swift */ = {isa = PBXFileReference; lastKnownFileType = sourcecode.swift; path = DateCycler.swift; sourceTree = "<group>"; };
		DC1AC030235BC62D00D73F72 /* GIFDescriptor.swift */ = {isa = PBXFileReference; lastKnownFileType = sourcecode.swift; path = GIFDescriptor.swift; sourceTree = "<group>"; };
		DC1AC032235BC6B500D73F72 /* bunny_sleep_please.gif */ = {isa = PBXFileReference; lastKnownFileType = image.gif; path = bunny_sleep_please.gif; sourceTree = "<group>"; };
		DC1AC034235BC6CC00D73F72 /* bunny_walk.gif */ = {isa = PBXFileReference; lastKnownFileType = image.gif; path = bunny_walk.gif; sourceTree = "<group>"; };
		DC1AC036235BD8F500D73F72 /* DescLabel.swift */ = {isa = PBXFileReference; lastKnownFileType = sourcecode.swift; path = DescLabel.swift; sourceTree = "<group>"; };
		DC29CEDA235B72E80012F4AC /* EnterViewController.swift */ = {isa = PBXFileReference; lastKnownFileType = sourcecode.swift; path = EnterViewController.swift; sourceTree = "<group>"; };
		DC29CEDC235B76100012F4AC /* RConstraints.swift */ = {isa = PBXFileReference; lastKnownFileType = sourcecode.swift; path = RConstraints.swift; sourceTree = "<group>"; };
		DC29CEDE235B76EA0012F4AC /* Constants.swift */ = {isa = PBXFileReference; lastKnownFileType = sourcecode.swift; path = Constants.swift; sourceTree = "<group>"; };
		DC29CEE2235B777F0012F4AC /* RLabel.swift */ = {isa = PBXFileReference; lastKnownFileType = sourcecode.swift; path = RLabel.swift; sourceTree = "<group>"; };
		DC452D10235C4B4300FC1749 /* CounterButton.swift */ = {isa = PBXFileReference; lastKnownFileType = sourcecode.swift; path = CounterButton.swift; sourceTree = "<group>"; };
		DCF86A9A235B6E270042DE7F /* AR.swift */ = {isa = PBXFileReference; lastKnownFileType = sourcecode.swift; path = AR.swift; sourceTree = "<group>"; };
/* End PBXFileReference section */

/* Begin PBXFrameworksBuildPhase section */
		DC0074B6235AE28F005E5AF1 /* Frameworks */ = {
			isa = PBXFrameworksBuildPhase;
			buildActionMask = 2147483647;
			files = (
			);
			runOnlyForDeploymentPostprocessing = 0;
		};
/* End PBXFrameworksBuildPhase section */

/* Begin PBXGroup section */
		DC0074B0235AE28F005E5AF1 = {
			isa = PBXGroup;
			children = (
				DC0074BB235AE28F005E5AF1 /* Remy */,
				DC0074BA235AE28F005E5AF1 /* Products */,
			);
			sourceTree = "<group>";
		};
		DC0074BA235AE28F005E5AF1 /* Products */ = {
			isa = PBXGroup;
			children = (
				DC0074B9235AE28F005E5AF1 /* Remy.app */,
			);
			name = Products;
			sourceTree = "<group>";
		};
		DC0074BB235AE28F005E5AF1 /* Remy */ = {
			isa = PBXGroup;
			children = (
				DC0074BC235AE28F005E5AF1 /* AppDelegate.swift */,
				DCF86A9A235B6E270042DE7F /* AR.swift */,
				DC1AC01A235B893C00D73F72 /* GIF.swift */,
				DC29CEDE235B76EA0012F4AC /* Constants.swift */,
				DC29CEDC235B76100012F4AC /* RConstraints.swift */,
				DC1AC007235B797300D73F72 /* Fonts */,
				DC29CEE1235B77660012F4AC /* Components */,
				DC29CEE0235B77620012F4AC /* ViewControllers */,
				DC1AC01C235B8C8400D73F72 /* bunny_jump.gif */,
				DC1AC034235BC6CC00D73F72 /* bunny_walk.gif */,
				DC1AC032235BC6B500D73F72 /* bunny_sleep_please.gif */,
				DC0074BE235AE28F005E5AF1 /* art.scnassets */,
				DC0074C5235AE291005E5AF1 /* Assets.xcassets */,
				DC0074C7235AE291005E5AF1 /* LaunchScreen.storyboard */,
				DC0074CA235AE291005E5AF1 /* Info.plist */,
			);
			path = Remy;
			sourceTree = "<group>";
		};
		DC1AC007235B797300D73F72 /* Fonts */ = {
			isa = PBXGroup;
			children = (
				DC1AC00D235B798400D73F72 /* Quicksand_Dash.otf */,
				DC1AC00B235B798400D73F72 /* Quicksand-Bold.otf */,
				DC1AC008235B798300D73F72 /* Quicksand-BoldItalic.otf */,
				DC1AC00A235B798300D73F72 /* Quicksand-Italic.otf */,
				DC1AC00E235B798400D73F72 /* Quicksand-Light.otf */,
				DC1AC00C235B798400D73F72 /* Quicksand-LightItalic.otf */,
				DC1AC009235B798300D73F72 /* Quicksand-Regular.otf */,
			);
			path = Fonts;
			sourceTree = "<group>";
		};
		DC29CEE0235B77620012F4AC /* ViewControllers */ = {
			isa = PBXGroup;
			children = (
				DC1AC02A235BB41000D73F72 /* VizViewController.swift */,
				DC1AC02C235BB46A00D73F72 /* NavbarViewController.swift */,
				DC1AC022235B96DE00D73F72 /* FullModalViewController.swift */,
				DC1AC020235B95BA00D73F72 /* PermissionViewController.swift */,
				DC0074C0235AE28F005E5AF1 /* ARViewController.swift */,
				DC29CEDA235B72E80012F4AC /* EnterViewController.swift */,
			);
			path = ViewControllers;
			sourceTree = "<group>";
		};
		DC29CEE1235B77660012F4AC /* Components */ = {
			isa = PBXGroup;
			children = (
				DC452D10235C4B4300FC1749 /* CounterButton.swift */,
				DC1AC036235BD8F500D73F72 /* DescLabel.swift */,
				DC1AC030235BC62D00D73F72 /* GIFDescriptor.swift */,
				DC1AC02E235BB60200D73F72 /* DateCycler.swift */,
				DC1AC028235BA1DB00D73F72 /* ConfirmButton.swift */,
				DC1AC026235B9D7C00D73F72 /* PermissionsContainer.swift */,
				DC1AC024235B9C3F00D73F72 /* Container.swift */,
				DC1AC01E235B934E00D73F72 /* EnterButton.swift */,
				DC1AC016235B7FBF00D73F72 /* RImageView.swift */,
				DC29CEE2235B777F0012F4AC /* RLabel.swift */,
				DC1AC018235B81DA00D73F72 /* RGIF.swift */,
			);
			path = Components;
			sourceTree = "<group>";
		};
/* End PBXGroup section */

/* Begin PBXNativeTarget section */
		DC0074B8235AE28F005E5AF1 /* Remy */ = {
			isa = PBXNativeTarget;
			buildConfigurationList = DC0074CD235AE291005E5AF1 /* Build configuration list for PBXNativeTarget "Remy" */;
			buildPhases = (
				DC0074B5235AE28F005E5AF1 /* Sources */,
				DC0074B6235AE28F005E5AF1 /* Frameworks */,
				DC0074B7235AE28F005E5AF1 /* Resources */,
			);
			buildRules = (
			);
			dependencies = (
			);
			name = Remy;
			productName = Remy;
			productReference = DC0074B9235AE28F005E5AF1 /* Remy.app */;
			productType = "com.apple.product-type.application";
		};
/* End PBXNativeTarget section */

/* Begin PBXProject section */
		DC0074B1235AE28F005E5AF1 /* Project object */ = {
			isa = PBXProject;
			attributes = {
				LastSwiftUpdateCheck = 1110;
				LastUpgradeCheck = 1110;
				ORGANIZATIONNAME = "Jing Lin";
				TargetAttributes = {
					DC0074B8235AE28F005E5AF1 = {
						CreatedOnToolsVersion = 11.1;
					};
				};
			};
			buildConfigurationList = DC0074B4235AE28F005E5AF1 /* Build configuration list for PBXProject "Remy" */;
			compatibilityVersion = "Xcode 9.3";
			developmentRegion = en;
			hasScannedForEncodings = 0;
			knownRegions = (
				en,
				Base,
			);
			mainGroup = DC0074B0235AE28F005E5AF1;
			productRefGroup = DC0074BA235AE28F005E5AF1 /* Products */;
			projectDirPath = "";
			projectRoot = "";
			targets = (
				DC0074B8235AE28F005E5AF1 /* Remy */,
			);
		};
/* End PBXProject section */

/* Begin PBXResourcesBuildPhase section */
		DC0074B7235AE28F005E5AF1 /* Resources */ = {
			isa = PBXResourcesBuildPhase;
			buildActionMask = 2147483647;
			files = (
				DC0074BF235AE28F005E5AF1 /* art.scnassets in Resources */,
				DC1AC01D235B8C8400D73F72 /* bunny_jump.gif in Resources */,
				DC0074C9235AE291005E5AF1 /* LaunchScreen.storyboard in Resources */,
				DC1AC033235BC6B500D73F72 /* bunny_sleep_please.gif in Resources */,
				DC1AC013235B799400D73F72 /* Quicksand-Light.otf in Resources */,
				DC1AC011235B798F00D73F72 /* Quicksand-BoldItalic.otf in Resources */,
				DC1AC035235BC6CC00D73F72 /* bunny_walk.gif in Resources */,
				DC1AC015235B799900D73F72 /* Quicksand-Regular.otf in Resources */,
				DC0074C6235AE291005E5AF1 /* Assets.xcassets in Resources */,
				DC1AC00F235B798900D73F72 /* Quicksand_Dash.otf in Resources */,
				DC1AC010235B798B00D73F72 /* Quicksand-Bold.otf in Resources */,
				DC1AC014235B799600D73F72 /* Quicksand-LightItalic.otf in Resources */,
				DC1AC012235B799200D73F72 /* Quicksand-Italic.otf in Resources */,
			);
			runOnlyForDeploymentPostprocessing = 0;
		};
/* End PBXResourcesBuildPhase section */

/* Begin PBXSourcesBuildPhase section */
		DC0074B5235AE28F005E5AF1 /* Sources */ = {
			isa = PBXSourcesBuildPhase;
			buildActionMask = 2147483647;
			files = (
				DC1AC02D235BB46A00D73F72 /* NavbarViewController.swift in Sources */,
				DC1AC01B235B893C00D73F72 /* GIF.swift in Sources */,
				DC1AC02B235BB41000D73F72 /* VizViewController.swift in Sources */,
				DC1AC021235B95BA00D73F72 /* PermissionViewController.swift in Sources */,
				DC29CEE3235B777F0012F4AC /* RLabel.swift in Sources */,
				DC29CEDB235B72E80012F4AC /* EnterViewController.swift in Sources */,
				DC0074C1235AE28F005E5AF1 /* ARViewController.swift in Sources */,
				DC1AC027235B9D7C00D73F72 /* PermissionsContainer.swift in Sources */,
				DC1AC01F235B934E00D73F72 /* EnterButton.swift in Sources */,
				DC1AC037235BD8F500D73F72 /* DescLabel.swift in Sources */,
				DC452D11235C4B4300FC1749 /* CounterButton.swift in Sources */,
				DC1AC017235B7FBF00D73F72 /* RImageView.swift in Sources */,
				DC1AC02F235BB60200D73F72 /* DateCycler.swift in Sources */,
				DC1AC029235BA1DB00D73F72 /* ConfirmButton.swift in Sources */,
				DC0074BD235AE28F005E5AF1 /* AppDelegate.swift in Sources */,
				DC1AC023235B96DE00D73F72 /* FullModalViewController.swift in Sources */,
				DC1AC019235B81DA00D73F72 /* RGIF.swift in Sources */,
				DC1AC031235BC62D00D73F72 /* GIFDescriptor.swift in Sources */,
				DC29CEDD235B76100012F4AC /* RConstraints.swift in Sources */,
				DC1AC025235B9C3F00D73F72 /* Container.swift in Sources */,
				DCF86A9B235B6E270042DE7F /* AR.swift in Sources */,
				DC29CEDF235B76EA0012F4AC /* Constants.swift in Sources */,
			);
			runOnlyForDeploymentPostprocessing = 0;
		};
/* End PBXSourcesBuildPhase section */

/* Begin PBXVariantGroup section */
		DC0074C7235AE291005E5AF1 /* LaunchScreen.storyboard */ = {
			isa = PBXVariantGroup;
			children = (
				DC0074C8235AE291005E5AF1 /* Base */,
			);
			name = LaunchScreen.storyboard;
			sourceTree = "<group>";
		};
/* End PBXVariantGroup section */

/* Begin XCBuildConfiguration section */
		DC0074CB235AE291005E5AF1 /* Debug */ = {
			isa = XCBuildConfiguration;
			buildSettings = {
				ALWAYS_SEARCH_USER_PATHS = NO;
				CLANG_ANALYZER_NONNULL = YES;
				CLANG_ANALYZER_NUMBER_OBJECT_CONVERSION = YES_AGGRESSIVE;
				CLANG_CXX_LANGUAGE_STANDARD = "gnu++14";
				CLANG_CXX_LIBRARY = "libc++";
				CLANG_ENABLE_MODULES = YES;
				CLANG_ENABLE_OBJC_ARC = YES;
				CLANG_ENABLE_OBJC_WEAK = YES;
				CLANG_WARN_BLOCK_CAPTURE_AUTORELEASING = YES;
				CLANG_WARN_BOOL_CONVERSION = YES;
				CLANG_WARN_COMMA = YES;
				CLANG_WARN_CONSTANT_CONVERSION = YES;
				CLANG_WARN_DEPRECATED_OBJC_IMPLEMENTATIONS = YES;
				CLANG_WARN_DIRECT_OBJC_ISA_USAGE = YES_ERROR;
				CLANG_WARN_DOCUMENTATION_COMMENTS = YES;
				CLANG_WARN_EMPTY_BODY = YES;
				CLANG_WARN_ENUM_CONVERSION = YES;
				CLANG_WARN_INFINITE_RECURSION = YES;
				CLANG_WARN_INT_CONVERSION = YES;
				CLANG_WARN_NON_LITERAL_NULL_CONVERSION = YES;
				CLANG_WARN_OBJC_IMPLICIT_RETAIN_SELF = YES;
				CLANG_WARN_OBJC_LITERAL_CONVERSION = YES;
				CLANG_WARN_OBJC_ROOT_CLASS = YES_ERROR;
				CLANG_WARN_RANGE_LOOP_ANALYSIS = YES;
				CLANG_WARN_STRICT_PROTOTYPES = YES;
				CLANG_WARN_SUSPICIOUS_MOVE = YES;
				CLANG_WARN_UNGUARDED_AVAILABILITY = YES_AGGRESSIVE;
				CLANG_WARN_UNREACHABLE_CODE = YES;
				CLANG_WARN__DUPLICATE_METHOD_MATCH = YES;
				COPY_PHASE_STRIP = NO;
				DEBUG_INFORMATION_FORMAT = dwarf;
				ENABLE_STRICT_OBJC_MSGSEND = YES;
				ENABLE_TESTABILITY = YES;
				GCC_C_LANGUAGE_STANDARD = gnu11;
				GCC_DYNAMIC_NO_PIC = NO;
				GCC_NO_COMMON_BLOCKS = YES;
				GCC_OPTIMIZATION_LEVEL = 0;
				GCC_PREPROCESSOR_DEFINITIONS = (
					"DEBUG=1",
					"$(inherited)",
				);
				GCC_WARN_64_TO_32_BIT_CONVERSION = YES;
				GCC_WARN_ABOUT_RETURN_TYPE = YES_ERROR;
				GCC_WARN_UNDECLARED_SELECTOR = YES;
				GCC_WARN_UNINITIALIZED_AUTOS = YES_AGGRESSIVE;
				GCC_WARN_UNUSED_FUNCTION = YES;
				GCC_WARN_UNUSED_VARIABLE = YES;
				IPHONEOS_DEPLOYMENT_TARGET = 13.0;
				MTL_ENABLE_DEBUG_INFO = INCLUDE_SOURCE;
				MTL_FAST_MATH = YES;
				ONLY_ACTIVE_ARCH = YES;
				SDKROOT = iphoneos;
				SWIFT_ACTIVE_COMPILATION_CONDITIONS = DEBUG;
				SWIFT_OPTIMIZATION_LEVEL = "-Onone";
			};
			name = Debug;
		};
		DC0074CC235AE291005E5AF1 /* Release */ = {
			isa = XCBuildConfiguration;
			buildSettings = {
				ALWAYS_SEARCH_USER_PATHS = NO;
				CLANG_ANALYZER_NONNULL = YES;
				CLANG_ANALYZER_NUMBER_OBJECT_CONVERSION = YES_AGGRESSIVE;
				CLANG_CXX_LANGUAGE_STANDARD = "gnu++14";
				CLANG_CXX_LIBRARY = "libc++";
				CLANG_ENABLE_MODULES = YES;
				CLANG_ENABLE_OBJC_ARC = YES;
				CLANG_ENABLE_OBJC_WEAK = YES;
				CLANG_WARN_BLOCK_CAPTURE_AUTORELEASING = YES;
				CLANG_WARN_BOOL_CONVERSION = YES;
				CLANG_WARN_COMMA = YES;
				CLANG_WARN_CONSTANT_CONVERSION = YES;
				CLANG_WARN_DEPRECATED_OBJC_IMPLEMENTATIONS = YES;
				CLANG_WARN_DIRECT_OBJC_ISA_USAGE = YES_ERROR;
				CLANG_WARN_DOCUMENTATION_COMMENTS = YES;
				CLANG_WARN_EMPTY_BODY = YES;
				CLANG_WARN_ENUM_CONVERSION = YES;
				CLANG_WARN_INFINITE_RECURSION = YES;
				CLANG_WARN_INT_CONVERSION = YES;
				CLANG_WARN_NON_LITERAL_NULL_CONVERSION = YES;
				CLANG_WARN_OBJC_IMPLICIT_RETAIN_SELF = YES;
				CLANG_WARN_OBJC_LITERAL_CONVERSION = YES;
				CLANG_WARN_OBJC_ROOT_CLASS = YES_ERROR;
				CLANG_WARN_RANGE_LOOP_ANALYSIS = YES;
				CLANG_WARN_STRICT_PROTOTYPES = YES;
				CLANG_WARN_SUSPICIOUS_MOVE = YES;
				CLANG_WARN_UNGUARDED_AVAILABILITY = YES_AGGRESSIVE;
				CLANG_WARN_UNREACHABLE_CODE = YES;
				CLANG_WARN__DUPLICATE_METHOD_MATCH = YES;
				COPY_PHASE_STRIP = NO;
				DEBUG_INFORMATION_FORMAT = "dwarf-with-dsym";
				ENABLE_NS_ASSERTIONS = NO;
				ENABLE_STRICT_OBJC_MSGSEND = YES;
				GCC_C_LANGUAGE_STANDARD = gnu11;
				GCC_NO_COMMON_BLOCKS = YES;
				GCC_WARN_64_TO_32_BIT_CONVERSION = YES;
				GCC_WARN_ABOUT_RETURN_TYPE = YES_ERROR;
				GCC_WARN_UNDECLARED_SELECTOR = YES;
				GCC_WARN_UNINITIALIZED_AUTOS = YES_AGGRESSIVE;
				GCC_WARN_UNUSED_FUNCTION = YES;
				GCC_WARN_UNUSED_VARIABLE = YES;
				IPHONEOS_DEPLOYMENT_TARGET = 13.0;
				MTL_ENABLE_DEBUG_INFO = NO;
				MTL_FAST_MATH = YES;
				SDKROOT = iphoneos;
				SWIFT_COMPILATION_MODE = wholemodule;
				SWIFT_OPTIMIZATION_LEVEL = "-O";
				VALIDATE_PRODUCT = YES;
			};
			name = Release;
		};
		DC0074CE235AE291005E5AF1 /* Debug */ = {
			isa = XCBuildConfiguration;
			buildSettings = {
				ASSETCATALOG_COMPILER_APPICON_NAME = AppIcon;
				CODE_SIGN_STYLE = Automatic;
				DEVELOPMENT_TEAM = RVL5FPMMX7;
				INFOPLIST_FILE = Remy/Info.plist;
				IPHONEOS_DEPLOYMENT_TARGET = 13.0;
				LD_RUNPATH_SEARCH_PATHS = (
					"$(inherited)",
					"@executable_path/Frameworks",
				);
				PRODUCT_BUNDLE_IDENTIFIER = moderatelyfunctionalprogrammers.Remy;
				PRODUCT_NAME = "$(TARGET_NAME)";
				SWIFT_VERSION = 5.0;
				TARGETED_DEVICE_FAMILY = "1,2";
			};
			name = Debug;
		};
		DC0074CF235AE291005E5AF1 /* Release */ = {
			isa = XCBuildConfiguration;
			buildSettings = {
				ASSETCATALOG_COMPILER_APPICON_NAME = AppIcon;
				CODE_SIGN_STYLE = Automatic;
				DEVELOPMENT_TEAM = RVL5FPMMX7;
				INFOPLIST_FILE = Remy/Info.plist;
				IPHONEOS_DEPLOYMENT_TARGET = 13.0;
				LD_RUNPATH_SEARCH_PATHS = (
					"$(inherited)",
					"@executable_path/Frameworks",
				);
				PRODUCT_BUNDLE_IDENTIFIER = moderatelyfunctionalprogrammers.Remy;
				PRODUCT_NAME = "$(TARGET_NAME)";
				SWIFT_VERSION = 5.0;
				TARGETED_DEVICE_FAMILY = "1,2";
			};
			name = Release;
		};
/* End XCBuildConfiguration section */

/* Begin XCConfigurationList section */
		DC0074B4235AE28F005E5AF1 /* Build configuration list for PBXProject "Remy" */ = {
			isa = XCConfigurationList;
			buildConfigurations = (
				DC0074CB235AE291005E5AF1 /* Debug */,
				DC0074CC235AE291005E5AF1 /* Release */,
			);
			defaultConfigurationIsVisible = 0;
			defaultConfigurationName = Release;
		};
		DC0074CD235AE291005E5AF1 /* Build configuration list for PBXNativeTarget "Remy" */ = {
			isa = XCConfigurationList;
			buildConfigurations = (
				DC0074CE235AE291005E5AF1 /* Debug */,
				DC0074CF235AE291005E5AF1 /* Release */,
			);
			defaultConfigurationIsVisible = 0;
			defaultConfigurationName = Release;
		};
/* End XCConfigurationList section */
	};
	rootObject = DC0074B1235AE28F005E5AF1 /* Project object */;
}
